
Microsoft Visual Studio Solution File, Format Version 12.00
# Visual Studio 15
VisualStudioVersion = 15.0.26730.16
MinimumVisualStudioVersion = 10.0.40219.1
Project("{FAE04EC0-301F-11D3-BF4B-00C04F79EFBC}") = "EventAttendersChecklistTests", "EventAttendersChecklistTests\EventAttendersChecklistTests.csproj", "{C3C36945-9A02-4F56-9B4C-43E06D3A9677}"
EndProject
Global
	GlobalSection(SolutionConfigurationPlatforms) = preSolution
		Debug|Any CPU = Debug|Any CPU
		Release|Any CPU = Release|Any CPU
	EndGlobalSection
	GlobalSection(ProjectConfigurationPlatforms) = postSolution
		{C3C36945-9A02-4F56-9B4C-43E06D3A9677}.Debug|Any CPU.ActiveCfg = Debug|Any CPU
		{C3C36945-9A02-4F56-9B4C-43E06D3A9677}.Debug|Any CPU.Build.0 = Debug|Any CPU
		{C3C36945-9A02-4F56-9B4C-43E06D3A9677}.Release|Any CPU.ActiveCfg = Release|Any CPU
		{C3C36945-9A02-4F56-9B4C-43E06D3A9677}.Release|Any CPU.Build.0 = Release|Any CPU
	EndGlobalSection
	GlobalSection(SolutionProperties) = preSolution
		HideSolutionNode = FALSE
	EndGlobalSection
	GlobalSection(ExtensibilityGlobals) = postSolution
		SolutionGuid = {583BC9E6-B33C-4F7C-9A6A-F1D978F2A41D}
	EndGlobalSection
EndGlobal
